
Microsoft Visual Studio Solution File, Format Version 12.00
# Visual Studio 15
VisualStudioVersion = 15.0.28307.1062
MinimumVisualStudioVersion = 10.0.40219.1
Project("{888888A0-9F3D-457C-B088-3A5042F75D52}") = "JSONFS", "JSONFS\JSONFS.pyproj", "{493E47DE-11AD-44FD-AE0E-E57A1C91AABB}"
EndProject
Global
	GlobalSection(SolutionConfigurationPlatforms) = preSolution
		Debug|Any CPU = Debug|Any CPU
		Release|Any CPU = Release|Any CPU
	EndGlobalSection
	GlobalSection(ProjectConfigurationPlatforms) = postSolution
		{493E47DE-11AD-44FD-AE0E-E57A1C91AABB}.Debug|Any CPU.ActiveCfg = Debug|Any CPU
		{493E47DE-11AD-44FD-AE0E-E57A1C91AABB}.Release|Any CPU.ActiveCfg = Release|Any CPU
	EndGlobalSection
	GlobalSection(SolutionProperties) = preSolution
		HideSolutionNode = FALSE
	EndGlobalSection
	GlobalSection(ExtensibilityGlobals) = postSolution
		SolutionGuid = {339ED0F9-149F-4B78-8A6B-5EE7B58FD1E7}
	EndGlobalSection
EndGlobal
